
Microsoft Visual Studio Solution File, Format Version 12.00
# Visual Studio 15
VisualStudioVersion = 15.0.28307.2092
MinimumVisualStudioVersion = 10.0.40219.1
Project("{8BC9CEB8-8B4A-11D0-8D11-00A0C91BC942}") = "lab1-1_1", "lab1-1_1\lab1-1_1.vcxproj", "{C05AA33C-4F73-429D-90C8-2138BA2A01E5}"
EndProject
Global
	GlobalSection(SolutionConfigurationPlatforms) = preSolution
		Debug|x64 = Debug|x64
		Debug|x86 = Debug|x86
		Release|x64 = Release|x64
		Release|x86 = Release|x86
	EndGlobalSection
	GlobalSection(ProjectConfigurationPlatforms) = postSolution
		{C05AA33C-4F73-429D-90C8-2138BA2A01E5}.Debug|x64.ActiveCfg = Debug|x64
		{C05AA33C-4F73-429D-90C8-2138BA2A01E5}.Debug|x64.Build.0 = Debug|x64
		{C05AA33C-4F73-429D-90C8-2138BA2A01E5}.Debug|x86.ActiveCfg = Debug|Win32
		{C05AA33C-4F73-429D-90C8-2138BA2A01E5}.Debug|x86.Build.0 = Debug|Win32
		{C05AA33C-4F73-429D-90C8-2138BA2A01E5}.Release|x64.ActiveCfg = Release|x64
		{C05AA33C-4F73-429D-90C8-2138BA2A01E5}.Release|x64.Build.0 = Release|x64
		{C05AA33C-4F73-429D-90C8-2138BA2A01E5}.Release|x86.ActiveCfg = Release|Win32
		{C05AA33C-4F73-429D-90C8-2138BA2A01E5}.Release|x86.Build.0 = Release|Win32
	EndGlobalSection
	GlobalSection(SolutionProperties) = preSolution
		HideSolutionNode = FALSE
	EndGlobalSection
	GlobalSection(ExtensibilityGlobals) = postSolution
		SolutionGuid = {4EC32DC7-29D1-4D2C-805C-EBF9F4E3E371}
	EndGlobalSection
EndGlobal
