
Microsoft Visual Studio Solution File, Format Version 12.00
# Visual Studio 15
VisualStudioVersion = 15.0.28307.2092
MinimumVisualStudioVersion = 10.0.40219.1
Project("{8BC9CEB8-8B4A-11D0-8D11-00A0C91BC942}") = "lab1-2_12-add", "lab1-2_12-add\lab1-2_12-add.vcxproj", "{FC1131DC-829D-41BA-8087-D80163F95EC5}"
EndProject
Global
	GlobalSection(SolutionConfigurationPlatforms) = preSolution
		Debug|x64 = Debug|x64
		Debug|x86 = Debug|x86
		Release|x64 = Release|x64
		Release|x86 = Release|x86
	EndGlobalSection
	GlobalSection(ProjectConfigurationPlatforms) = postSolution
		{FC1131DC-829D-41BA-8087-D80163F95EC5}.Debug|x64.ActiveCfg = Debug|x64
		{FC1131DC-829D-41BA-8087-D80163F95EC5}.Debug|x64.Build.0 = Debug|x64
		{FC1131DC-829D-41BA-8087-D80163F95EC5}.Debug|x86.ActiveCfg = Debug|Win32
		{FC1131DC-829D-41BA-8087-D80163F95EC5}.Debug|x86.Build.0 = Debug|Win32
		{FC1131DC-829D-41BA-8087-D80163F95EC5}.Release|x64.ActiveCfg = Release|x64
		{FC1131DC-829D-41BA-8087-D80163F95EC5}.Release|x64.Build.0 = Release|x64
		{FC1131DC-829D-41BA-8087-D80163F95EC5}.Release|x86.ActiveCfg = Release|Win32
		{FC1131DC-829D-41BA-8087-D80163F95EC5}.Release|x86.Build.0 = Release|Win32
	EndGlobalSection
	GlobalSection(SolutionProperties) = preSolution
		HideSolutionNode = FALSE
	EndGlobalSection
	GlobalSection(ExtensibilityGlobals) = postSolution
		SolutionGuid = {EDD3DFCD-2985-4780-B114-ECA84E80B6BD}
	EndGlobalSection
EndGlobal
